
Microsoft Visual Studio Solution File, Format Version 12.00
# Visual Studio Version 17
VisualStudioVersion = 17.0.31903.59
MinimumVisualStudioVersion = 10.0.40219.1
Project("{2150E333-8FDC-42A3-9474-1A3956D46DE8}") = "src", "src", "{827E0CD3-B72D-47B6-A68D-7590B98EB39B}"
EndProject
Project("{FAE04EC0-301F-11D3-BF4B-00C04F79EFBC}") = "AiRealEstate.Api", "src\AiRealEstate.Api\AiRealEstate.Api.csproj", "{2494BD95-C4A1-4AD4-B348-D874A9FE3146}"
EndProject
Project("{FAE04EC0-301F-11D3-BF4B-00C04F79EFBC}") = "AiRealEstate.Core", "src\AiRealEstate.Core\AiRealEstate.Core.csproj", "{5694E076-D79D-4811-ABBF-BC1F828569F8}"
EndProject
Project("{FAE04EC0-301F-11D3-BF4B-00C04F79EFBC}") = "AiRealEstate.Infrastructure", "src\AiRealEstate.Infrastructure\AiRealEstate.Infrastructure.csproj", "{561FD321-11D9-4DB1-8D2F-2534FC9216AD}"
EndProject
Project("{2150E333-8FDC-42A3-9474-1A3956D46DE8}") = "tests", "tests", "{0AB3BF05-4346-4AA6-1389-037BE0695223}"
EndProject
Project("{FAE04EC0-301F-11D3-BF4B-00C04F79EFBC}") = "AiRealEstate.Tests", "tests\AiRealEstate.Tests\AiRealEstate.Tests.csproj", "{F4BD909B-CA54-4B12-91BF-962421789A78}"
EndProject
Global
	GlobalSection(SolutionConfigurationPlatforms) = preSolution
		Debug|Any CPU = Debug|Any CPU
		Debug|x64 = Debug|x64
		Debug|x86 = Debug|x86
		Release|Any CPU = Release|Any CPU
		Release|x64 = Release|x64
		Release|x86 = Release|x86
	EndGlobalSection
	GlobalSection(ProjectConfigurationPlatforms) = postSolution
		{2494BD95-C4A1-4AD4-B348-D874A9FE3146}.Debug|Any CPU.ActiveCfg = Debug|Any CPU
		{2494BD95-C4A1-4AD4-B348-D874A9FE3146}.Debug|Any CPU.Build.0 = Debug|Any CPU
		{2494BD95-C4A1-4AD4-B348-D874A9FE3146}.Debug|x64.ActiveCfg = Debug|Any CPU
		{2494BD95-C4A1-4AD4-B348-D874A9FE3146}.Debug|x64.Build.0 = Debug|Any CPU
		{2494BD95-C4A1-4AD4-B348-D874A9FE3146}.Debug|x86.ActiveCfg = Debug|Any CPU
		{2494BD95-C4A1-4AD4-B348-D874A9FE3146}.Debug|x86.Build.0 = Debug|Any CPU
		{2494BD95-C4A1-4AD4-B348-D874A9FE3146}.Release|Any CPU.ActiveCfg = Release|Any CPU
		{2494BD95-C4A1-4AD4-B348-D874A9FE3146}.Release|Any CPU.Build.0 = Release|Any CPU
		{2494BD95-C4A1-4AD4-B348-D874A9FE3146}.Release|x64.ActiveCfg = Release|Any CPU
		{2494BD95-C4A1-4AD4-B348-D874A9FE3146}.Release|x64.Build.0 = Release|Any CPU
		{2494BD95-C4A1-4AD4-B348-D874A9FE3146}.Release|x86.ActiveCfg = Release|Any CPU
		{2494BD95-C4A1-4AD4-B348-D874A9FE3146}.Release|x86.Build.0 = Release|Any CPU
		{5694E076-D79D-4811-ABBF-BC1F828569F8}.Debug|Any CPU.ActiveCfg = Debug|Any CPU
		{5694E076-D79D-4811-ABBF-BC1F828569F8}.Debug|Any CPU.Build.0 = Debug|Any CPU
		{5694E076-D79D-4811-ABBF-BC1F828569F8}.Debug|x64.ActiveCfg = Debug|Any CPU
		{5694E076-D79D-4811-ABBF-BC1F828569F8}.Debug|x64.Build.0 = Debug|Any CPU
		{5694E076-D79D-4811-ABBF-BC1F828569F8}.Debug|x86.ActiveCfg = Debug|Any CPU
		{5694E076-D79D-4811-ABBF-BC1F828569F8}.Debug|x86.Build.0 = Debug|Any CPU
		{5694E076-D79D-4811-ABBF-BC1F828569F8}.Release|Any CPU.ActiveCfg = Release|Any CPU
		{5694E076-D79D-4811-ABBF-BC1F828569F8}.Release|Any CPU.Build.0 = Release|Any CPU
		{5694E076-D79D-4811-ABBF-BC1F828569F8}.Release|x64.ActiveCfg = Release|Any CPU
		{5694E076-D79D-4811-ABBF-BC1F828569F8}.Release|x64.Build.0 = Release|Any CPU
		{5694E076-D79D-4811-ABBF-BC1F828569F8}.Release|x86.ActiveCfg = Release|Any CPU
		{5694E076-D79D-4811-ABBF-BC1F828569F8}.Release|x86.Build.0 = Release|Any CPU
		{561FD321-11D9-4DB1-8D2F-2534FC9216AD}.Debug|Any CPU.ActiveCfg = Debug|Any CPU
		{561FD321-11D9-4DB1-8D2F-2534FC9216AD}.Debug|Any CPU.Build.0 = Debug|Any CPU
		{561FD321-11D9-4DB1-8D2F-2534FC9216AD}.Debug|x64.ActiveCfg = Debug|Any CPU
		{561FD321-11D9-4DB1-8D2F-2534FC9216AD}.Debug|x64.Build.0 = Debug|Any CPU
		{561FD321-11D9-4DB1-8D2F-2534FC9216AD}.Debug|x86.ActiveCfg = Debug|Any CPU
		{561FD321-11D9-4DB1-8D2F-2534FC9216AD}.Debug|x86.Build.0 = Debug|Any CPU
		{561FD321-11D9-4DB1-8D2F-2534FC9216AD}.Release|Any CPU.ActiveCfg = Release|Any CPU
		{561FD321-11D9-4DB1-8D2F-2534FC9216AD}.Release|Any CPU.Build.0 = Release|Any CPU
		{561FD321-11D9-4DB1-8D2F-2534FC9216AD}.Release|x64.ActiveCfg = Release|Any CPU
		{561FD321-11D9-4DB1-8D2F-2534FC9216AD}.Release|x64.Build.0 = Release|Any CPU
		{561FD321-11D9-4DB1-8D2F-2534FC9216AD}.Release|x86.ActiveCfg = Release|Any CPU
		{561FD321-11D9-4DB1-8D2F-2534FC9216AD}.Release|x86.Build.0 = Release|Any CPU
		{F4BD909B-CA54-4B12-91BF-962421789A78}.Debug|Any CPU.ActiveCfg = Debug|Any CPU
		{F4BD909B-CA54-4B12-91BF-962421789A78}.Debug|Any CPU.Build.0 = Debug|Any CPU
		{F4BD909B-CA54-4B12-91BF-962421789A78}.Debug|x64.ActiveCfg = Debug|Any CPU
		{F4BD909B-CA54-4B12-91BF-962421789A78}.Debug|x64.Build.0 = Debug|Any CPU
		{F4BD909B-CA54-4B12-91BF-962421789A78}.Debug|x86.ActiveCfg = Debug|Any CPU
		{F4BD909B-CA54-4B12-91BF-962421789A78}.Debug|x86.Build.0 = Debug|Any CPU
		{F4BD909B-CA54-4B12-91BF-962421789A78}.Release|Any CPU.ActiveCfg = Release|Any CPU
		{F4BD909B-CA54-4B12-91BF-962421789A78}.Release|Any CPU.Build.0 = Release|Any CPU
		{F4BD909B-CA54-4B12-91BF-962421789A78}.Release|x64.ActiveCfg = Release|Any CPU
		{F4BD909B-CA54-4B12-91BF-962421789A78}.Release|x64.Build.0 = Release|Any CPU
		{F4BD909B-CA54-4B12-91BF-962421789A78}.Release|x86.ActiveCfg = Release|Any CPU
		{F4BD909B-CA54-4B12-91BF-962421789A78}.Release|x86.Build.0 = Release|Any CPU
	EndGlobalSection
	GlobalSection(SolutionProperties) = preSolution
		HideSolutionNode = FALSE
	EndGlobalSection
	GlobalSection(NestedProjects) = preSolution
		{2494BD95-C4A1-4AD4-B348-D874A9FE3146} = {827E0CD3-B72D-47B6-A68D-7590B98EB39B}
		{5694E076-D79D-4811-ABBF-BC1F828569F8} = {827E0CD3-B72D-47B6-A68D-7590B98EB39B}
		{561FD321-11D9-4DB1-8D2F-2534FC9216AD} = {827E0CD3-B72D-47B6-A68D-7590B98EB39B}
		{F4BD909B-CA54-4B12-91BF-962421789A78} = {0AB3BF05-4346-4AA6-1389-037BE0695223}
	EndGlobalSection
EndGlobal
